
Microsoft Visual Studio Solution File, Format Version 12.00
# Visual Studio Version 16
VisualStudioVersion = 16.0.29102.190
MinimumVisualStudioVersion = 10.0.40219.1
Project("{FAE04EC0-301F-11D3-BF4B-00C04F79EFBC}") = "AspNetCoreApiDemo", "AspNetCoreApiDemo\AspNetCoreApiDemo.csproj", "{D2BB0234-DBED-4A5E-8D3D-64EA8888A6EA}"
EndProject
Global
	GlobalSection(SolutionConfigurationPlatforms) = preSolution
		Debug|Any CPU = Debug|Any CPU
		Release|Any CPU = Release|Any CPU
	EndGlobalSection
	GlobalSection(ProjectConfigurationPlatforms) = postSolution
		{D2BB0234-DBED-4A5E-8D3D-64EA8888A6EA}.Debug|Any CPU.ActiveCfg = Debug|Any CPU
		{D2BB0234-DBED-4A5E-8D3D-64EA8888A6EA}.Debug|Any CPU.Build.0 = Debug|Any CPU
		{D2BB0234-DBED-4A5E-8D3D-64EA8888A6EA}.Release|Any CPU.ActiveCfg = Release|Any CPU
		{D2BB0234-DBED-4A5E-8D3D-64EA8888A6EA}.Release|Any CPU.Build.0 = Release|Any CPU
	EndGlobalSection
	GlobalSection(SolutionProperties) = preSolution
		HideSolutionNode = FALSE
	EndGlobalSection
	GlobalSection(ExtensibilityGlobals) = postSolution
		SolutionGuid = {5DCEACF7-F7D6-4348-9D46-4DA3C7B3FB1F}
	EndGlobalSection
EndGlobal
